
Microsoft Visual Studio Solution File, Format Version 12.00
# Visual Studio Version 17
VisualStudioVersion = 17.9.34728.123
MinimumVisualStudioVersion = 10.0.40219.1
Project("{9A19103F-16F7-4668-BE54-9A1E7A4F7556}") = "SLinkUser.API", "SLinkUser.API\SLinkUser.API.csproj", "{37E25F09-65E2-4FD7-8226-D47DCB90F0E9}"
EndProject
Project("{9A19103F-16F7-4668-BE54-9A1E7A4F7556}") = "SLinkUser.Domain", "SLinkUser.Domain\SLinkUser.Domain.csproj", "{1909397E-F5F1-4303-91CC-4C0146980764}"
EndProject
Project("{9A19103F-16F7-4668-BE54-9A1E7A4F7556}") = "SLinkUser.Infrastructure", "SLinkUser.Provider.Infrastructure\SLinkUser.Infrastructure.csproj", "{7E3A7993-1C4E-44CE-83C6-71694E46FD13}"
EndProject
Project("{9A19103F-16F7-4668-BE54-9A1E7A4F7556}") = "SLinkUser.Host", "SLinkUser.Host\SLinkUser.Host.csproj", "{8FD7A635-94CD-4535-9BF0-593E026AD0E2}"
EndProject
Project("{2150E333-8FDC-42A3-9474-1A3956D46DE8}") = "Test", "Test", "{17295AAA-67E1-42A2-A32B-E4A308D37E93}"
EndProject
Project("{FAE04EC0-301F-11D3-BF4B-00C04F79EFBC}") = "SLinkUser.Infrastructure.Test", "Test\SLinkUser.Infrastructure.Test\SLinkUser.Infrastructure.Test.csproj", "{68C10CD5-6126-436E-8599-777E9B5127E0}"
EndProject
Global
	GlobalSection(SolutionConfigurationPlatforms) = preSolution
		Debug|Any CPU = Debug|Any CPU
		Release|Any CPU = Release|Any CPU
	EndGlobalSection
	GlobalSection(ProjectConfigurationPlatforms) = postSolution
		{37E25F09-65E2-4FD7-8226-D47DCB90F0E9}.Debug|Any CPU.ActiveCfg = Debug|Any CPU
		{37E25F09-65E2-4FD7-8226-D47DCB90F0E9}.Debug|Any CPU.Build.0 = Debug|Any CPU
		{37E25F09-65E2-4FD7-8226-D47DCB90F0E9}.Release|Any CPU.ActiveCfg = Release|Any CPU
		{37E25F09-65E2-4FD7-8226-D47DCB90F0E9}.Release|Any CPU.Build.0 = Release|Any CPU
		{1909397E-F5F1-4303-91CC-4C0146980764}.Debug|Any CPU.ActiveCfg = Debug|Any CPU
		{1909397E-F5F1-4303-91CC-4C0146980764}.Debug|Any CPU.Build.0 = Debug|Any CPU
		{1909397E-F5F1-4303-91CC-4C0146980764}.Release|Any CPU.ActiveCfg = Release|Any CPU
		{1909397E-F5F1-4303-91CC-4C0146980764}.Release|Any CPU.Build.0 = Release|Any CPU
		{7E3A7993-1C4E-44CE-83C6-71694E46FD13}.Debug|Any CPU.ActiveCfg = Debug|Any CPU
		{7E3A7993-1C4E-44CE-83C6-71694E46FD13}.Debug|Any CPU.Build.0 = Debug|Any CPU
		{7E3A7993-1C4E-44CE-83C6-71694E46FD13}.Release|Any CPU.ActiveCfg = Release|Any CPU
		{7E3A7993-1C4E-44CE-83C6-71694E46FD13}.Release|Any CPU.Build.0 = Release|Any CPU
		{8FD7A635-94CD-4535-9BF0-593E026AD0E2}.Debug|Any CPU.ActiveCfg = Debug|Any CPU
		{8FD7A635-94CD-4535-9BF0-593E026AD0E2}.Debug|Any CPU.Build.0 = Debug|Any CPU
		{8FD7A635-94CD-4535-9BF0-593E026AD0E2}.Release|Any CPU.ActiveCfg = Release|Any CPU
		{8FD7A635-94CD-4535-9BF0-593E026AD0E2}.Release|Any CPU.Build.0 = Release|Any CPU
		{68C10CD5-6126-436E-8599-777E9B5127E0}.Debug|Any CPU.ActiveCfg = Debug|Any CPU
		{68C10CD5-6126-436E-8599-777E9B5127E0}.Debug|Any CPU.Build.0 = Debug|Any CPU
		{68C10CD5-6126-436E-8599-777E9B5127E0}.Release|Any CPU.ActiveCfg = Release|Any CPU
		{68C10CD5-6126-436E-8599-777E9B5127E0}.Release|Any CPU.Build.0 = Release|Any CPU
	EndGlobalSection
	GlobalSection(SolutionProperties) = preSolution
		HideSolutionNode = FALSE
	EndGlobalSection
	GlobalSection(NestedProjects) = preSolution
		{68C10CD5-6126-436E-8599-777E9B5127E0} = {17295AAA-67E1-42A2-A32B-E4A308D37E93}
	EndGlobalSection
	GlobalSection(ExtensibilityGlobals) = postSolution
		SolutionGuid = {0336115D-AF63-4609-B294-6C8A88D25167}
	EndGlobalSection
EndGlobal
